
Microsoft Visual Studio Solution File, Format Version 12.00
# Visual Studio Version 17
VisualStudioVersion = 17.10.35027.167
MinimumVisualStudioVersion = 10.0.40219.1
Project("{FAE04EC0-301F-11D3-BF4B-00C04F79EFBC}") = "MVC", "MVC.csproj", "{07FB7DBA-533D-47BC-9B92-DC5A9EB60F10}"
EndProject
Global
	GlobalSection(SolutionConfigurationPlatforms) = preSolution
		Debug|Any CPU = Debug|Any CPU
		Release|Any CPU = Release|Any CPU
	EndGlobalSection
	GlobalSection(ProjectConfigurationPlatforms) = postSolution
		{07FB7DBA-533D-47BC-9B92-DC5A9EB60F10}.Debug|Any CPU.ActiveCfg = Debug|Any CPU
		{07FB7DBA-533D-47BC-9B92-DC5A9EB60F10}.Debug|Any CPU.Build.0 = Debug|Any CPU
		{07FB7DBA-533D-47BC-9B92-DC5A9EB60F10}.Release|Any CPU.ActiveCfg = Release|Any CPU
		{07FB7DBA-533D-47BC-9B92-DC5A9EB60F10}.Release|Any CPU.Build.0 = Release|Any CPU
	EndGlobalSection
	GlobalSection(SolutionProperties) = preSolution
		HideSolutionNode = FALSE
	EndGlobalSection
	GlobalSection(ExtensibilityGlobals) = postSolution
		SolutionGuid = {EF3CC0A8-94B2-41A1-A53E-14B94C24877E}
	EndGlobalSection
EndGlobal
